
Microsoft Visual Studio Solution File, Format Version 12.00
# Visual Studio 15
VisualStudioVersion = 15.0.26124.0
MinimumVisualStudioVersion = 15.0.26124.0
Project("{FAE04EC0-301F-11D3-BF4B-00C04F79EFBC}") = "TicTacToeProject", "TicTacToeProject\TicTacToeProject.csproj", "{DE0B9E02-D827-4407-B7B1-0E50FDAC4344}"
EndProject
Project("{FAE04EC0-301F-11D3-BF4B-00C04F79EFBC}") = "TicTacToeTests", "TicTacToeTests\TicTacToeTests.csproj", "{68ECC574-1132-4943-B50A-CDC083DD9CB3}"
EndProject
Project("{FAE04EC0-301F-11D3-BF4B-00C04F79EFBC}") = "TicTacToeUserInterface", "TicTacToeUserInterface\TicTacToeUserInterface.csproj", "{8175EA4D-2BDD-4B3B-8B73-B033D1A52289}"
EndProject
Project("{FAE04EC0-301F-11D3-BF4B-00C04F79EFBC}") = "TicTacToeRunner", "TicTacToeRunner\TicTacToeRunner.csproj", "{2864CB93-1441-4C81-9C46-84FD7C8AD373}"
EndProject
Global
	GlobalSection(SolutionConfigurationPlatforms) = preSolution
		Debug|Any CPU = Debug|Any CPU
		Debug|x64 = Debug|x64
		Debug|x86 = Debug|x86
		Release|Any CPU = Release|Any CPU
		Release|x64 = Release|x64
		Release|x86 = Release|x86
	EndGlobalSection
	GlobalSection(SolutionProperties) = preSolution
		HideSolutionNode = FALSE
	EndGlobalSection
	GlobalSection(ProjectConfigurationPlatforms) = postSolution
		{DE0B9E02-D827-4407-B7B1-0E50FDAC4344}.Debug|Any CPU.ActiveCfg = Debug|Any CPU
		{DE0B9E02-D827-4407-B7B1-0E50FDAC4344}.Debug|Any CPU.Build.0 = Debug|Any CPU
		{DE0B9E02-D827-4407-B7B1-0E50FDAC4344}.Debug|x64.ActiveCfg = Debug|Any CPU
		{DE0B9E02-D827-4407-B7B1-0E50FDAC4344}.Debug|x64.Build.0 = Debug|Any CPU
		{DE0B9E02-D827-4407-B7B1-0E50FDAC4344}.Debug|x86.ActiveCfg = Debug|Any CPU
		{DE0B9E02-D827-4407-B7B1-0E50FDAC4344}.Debug|x86.Build.0 = Debug|Any CPU
		{DE0B9E02-D827-4407-B7B1-0E50FDAC4344}.Release|Any CPU.ActiveCfg = Release|Any CPU
		{DE0B9E02-D827-4407-B7B1-0E50FDAC4344}.Release|Any CPU.Build.0 = Release|Any CPU
		{DE0B9E02-D827-4407-B7B1-0E50FDAC4344}.Release|x64.ActiveCfg = Release|Any CPU
		{DE0B9E02-D827-4407-B7B1-0E50FDAC4344}.Release|x64.Build.0 = Release|Any CPU
		{DE0B9E02-D827-4407-B7B1-0E50FDAC4344}.Release|x86.ActiveCfg = Release|Any CPU
		{DE0B9E02-D827-4407-B7B1-0E50FDAC4344}.Release|x86.Build.0 = Release|Any CPU
		{68ECC574-1132-4943-B50A-CDC083DD9CB3}.Debug|Any CPU.ActiveCfg = Debug|Any CPU
		{68ECC574-1132-4943-B50A-CDC083DD9CB3}.Debug|Any CPU.Build.0 = Debug|Any CPU
		{68ECC574-1132-4943-B50A-CDC083DD9CB3}.Debug|x64.ActiveCfg = Debug|Any CPU
		{68ECC574-1132-4943-B50A-CDC083DD9CB3}.Debug|x64.Build.0 = Debug|Any CPU
		{68ECC574-1132-4943-B50A-CDC083DD9CB3}.Debug|x86.ActiveCfg = Debug|Any CPU
		{68ECC574-1132-4943-B50A-CDC083DD9CB3}.Debug|x86.Build.0 = Debug|Any CPU
		{68ECC574-1132-4943-B50A-CDC083DD9CB3}.Release|Any CPU.ActiveCfg = Release|Any CPU
		{68ECC574-1132-4943-B50A-CDC083DD9CB3}.Release|Any CPU.Build.0 = Release|Any CPU
		{68ECC574-1132-4943-B50A-CDC083DD9CB3}.Release|x64.ActiveCfg = Release|Any CPU
		{68ECC574-1132-4943-B50A-CDC083DD9CB3}.Release|x64.Build.0 = Release|Any CPU
		{68ECC574-1132-4943-B50A-CDC083DD9CB3}.Release|x86.ActiveCfg = Release|Any CPU
		{68ECC574-1132-4943-B50A-CDC083DD9CB3}.Release|x86.Build.0 = Release|Any CPU
		{8175EA4D-2BDD-4B3B-8B73-B033D1A52289}.Debug|Any CPU.ActiveCfg = Debug|Any CPU
		{8175EA4D-2BDD-4B3B-8B73-B033D1A52289}.Debug|Any CPU.Build.0 = Debug|Any CPU
		{8175EA4D-2BDD-4B3B-8B73-B033D1A52289}.Debug|x64.ActiveCfg = Debug|Any CPU
		{8175EA4D-2BDD-4B3B-8B73-B033D1A52289}.Debug|x64.Build.0 = Debug|Any CPU
		{8175EA4D-2BDD-4B3B-8B73-B033D1A52289}.Debug|x86.ActiveCfg = Debug|Any CPU
		{8175EA4D-2BDD-4B3B-8B73-B033D1A52289}.Debug|x86.Build.0 = Debug|Any CPU
		{8175EA4D-2BDD-4B3B-8B73-B033D1A52289}.Release|Any CPU.ActiveCfg = Release|Any CPU
		{8175EA4D-2BDD-4B3B-8B73-B033D1A52289}.Release|Any CPU.Build.0 = Release|Any CPU
		{8175EA4D-2BDD-4B3B-8B73-B033D1A52289}.Release|x64.ActiveCfg = Release|Any CPU
		{8175EA4D-2BDD-4B3B-8B73-B033D1A52289}.Release|x64.Build.0 = Release|Any CPU
		{8175EA4D-2BDD-4B3B-8B73-B033D1A52289}.Release|x86.ActiveCfg = Release|Any CPU
		{8175EA4D-2BDD-4B3B-8B73-B033D1A52289}.Release|x86.Build.0 = Release|Any CPU
		{2864CB93-1441-4C81-9C46-84FD7C8AD373}.Debug|Any CPU.ActiveCfg = Debug|Any CPU
		{2864CB93-1441-4C81-9C46-84FD7C8AD373}.Debug|Any CPU.Build.0 = Debug|Any CPU
		{2864CB93-1441-4C81-9C46-84FD7C8AD373}.Debug|x64.ActiveCfg = Debug|Any CPU
		{2864CB93-1441-4C81-9C46-84FD7C8AD373}.Debug|x64.Build.0 = Debug|Any CPU
		{2864CB93-1441-4C81-9C46-84FD7C8AD373}.Debug|x86.ActiveCfg = Debug|Any CPU
		{2864CB93-1441-4C81-9C46-84FD7C8AD373}.Debug|x86.Build.0 = Debug|Any CPU
		{2864CB93-1441-4C81-9C46-84FD7C8AD373}.Release|Any CPU.ActiveCfg = Release|Any CPU
		{2864CB93-1441-4C81-9C46-84FD7C8AD373}.Release|Any CPU.Build.0 = Release|Any CPU
		{2864CB93-1441-4C81-9C46-84FD7C8AD373}.Release|x64.ActiveCfg = Release|Any CPU
		{2864CB93-1441-4C81-9C46-84FD7C8AD373}.Release|x64.Build.0 = Release|Any CPU
		{2864CB93-1441-4C81-9C46-84FD7C8AD373}.Release|x86.ActiveCfg = Release|Any CPU
		{2864CB93-1441-4C81-9C46-84FD7C8AD373}.Release|x86.Build.0 = Release|Any CPU
	EndGlobalSection
EndGlobal
