
Microsoft Visual Studio Solution File, Format Version 12.00
# Visual Studio 15
VisualStudioVersion = 15.0.26124.0
MinimumVisualStudioVersion = 15.0.26124.0
Project("{FAE04EC0-301F-11D3-BF4B-00C04F79EFBC}") = "TTT", "TTTTests\TTT.csproj", "{105BED1E-AF53-40B7-A295-1433AC41EED0}"
EndProject
Project("{FAE04EC0-301F-11D3-BF4B-00C04F79EFBC}") = "TTTLogic", "TTTLogic\TTTLogic.csproj", "{641EFA31-AB03-4FAA-892F-224AF0D71DBE}"
EndProject
Global
	GlobalSection(SolutionConfigurationPlatforms) = preSolution
		Debug|Any CPU = Debug|Any CPU
		Debug|x64 = Debug|x64
		Debug|x86 = Debug|x86
		Release|Any CPU = Release|Any CPU
		Release|x64 = Release|x64
		Release|x86 = Release|x86
	EndGlobalSection
	GlobalSection(SolutionProperties) = preSolution
		HideSolutionNode = FALSE
	EndGlobalSection
	GlobalSection(ProjectConfigurationPlatforms) = postSolution
		{105BED1E-AF53-40B7-A295-1433AC41EED0}.Debug|Any CPU.ActiveCfg = Debug|Any CPU
		{105BED1E-AF53-40B7-A295-1433AC41EED0}.Debug|Any CPU.Build.0 = Debug|Any CPU
		{105BED1E-AF53-40B7-A295-1433AC41EED0}.Debug|x64.ActiveCfg = Debug|Any CPU
		{105BED1E-AF53-40B7-A295-1433AC41EED0}.Debug|x64.Build.0 = Debug|Any CPU
		{105BED1E-AF53-40B7-A295-1433AC41EED0}.Debug|x86.ActiveCfg = Debug|Any CPU
		{105BED1E-AF53-40B7-A295-1433AC41EED0}.Debug|x86.Build.0 = Debug|Any CPU
		{105BED1E-AF53-40B7-A295-1433AC41EED0}.Release|Any CPU.ActiveCfg = Release|Any CPU
		{105BED1E-AF53-40B7-A295-1433AC41EED0}.Release|Any CPU.Build.0 = Release|Any CPU
		{105BED1E-AF53-40B7-A295-1433AC41EED0}.Release|x64.ActiveCfg = Release|Any CPU
		{105BED1E-AF53-40B7-A295-1433AC41EED0}.Release|x64.Build.0 = Release|Any CPU
		{105BED1E-AF53-40B7-A295-1433AC41EED0}.Release|x86.ActiveCfg = Release|Any CPU
		{105BED1E-AF53-40B7-A295-1433AC41EED0}.Release|x86.Build.0 = Release|Any CPU
		{641EFA31-AB03-4FAA-892F-224AF0D71DBE}.Debug|Any CPU.ActiveCfg = Debug|Any CPU
		{641EFA31-AB03-4FAA-892F-224AF0D71DBE}.Debug|Any CPU.Build.0 = Debug|Any CPU
		{641EFA31-AB03-4FAA-892F-224AF0D71DBE}.Debug|x64.ActiveCfg = Debug|Any CPU
		{641EFA31-AB03-4FAA-892F-224AF0D71DBE}.Debug|x64.Build.0 = Debug|Any CPU
		{641EFA31-AB03-4FAA-892F-224AF0D71DBE}.Debug|x86.ActiveCfg = Debug|Any CPU
		{641EFA31-AB03-4FAA-892F-224AF0D71DBE}.Debug|x86.Build.0 = Debug|Any CPU
		{641EFA31-AB03-4FAA-892F-224AF0D71DBE}.Release|Any CPU.ActiveCfg = Release|Any CPU
		{641EFA31-AB03-4FAA-892F-224AF0D71DBE}.Release|Any CPU.Build.0 = Release|Any CPU
		{641EFA31-AB03-4FAA-892F-224AF0D71DBE}.Release|x64.ActiveCfg = Release|Any CPU
		{641EFA31-AB03-4FAA-892F-224AF0D71DBE}.Release|x64.Build.0 = Release|Any CPU
		{641EFA31-AB03-4FAA-892F-224AF0D71DBE}.Release|x86.ActiveCfg = Release|Any CPU
		{641EFA31-AB03-4FAA-892F-224AF0D71DBE}.Release|x86.Build.0 = Release|Any CPU
	EndGlobalSection
EndGlobal
